
Microsoft Visual Studio Solution File, Format Version 12.00
# Visual Studio 2013
VisualStudioVersion = 12.0.30723.0
MinimumVisualStudioVersion = 10.0.40219.1
Project("{FAE04EC0-301F-11D3-BF4B-00C04F79EFBC}") = "SabbathText.Web", "SabbathText.Web\SabbathText.Web.csproj", "{40CE920D-91C6-4068-8FBB-70404703BA73}"
EndProject
Project("{FAE04EC0-301F-11D3-BF4B-00C04F79EFBC}") = "QueueStorage", "QueueStorage\QueueStorage.csproj", "{C6CC3315-77E5-48F0-BEAE-E4AE8C584983}"
EndProject
Project("{FAE04EC0-301F-11D3-BF4B-00C04F79EFBC}") = "SabbathText.Core", "SabbathText.Core\SabbathText.Core.csproj", "{B45EA451-A493-4E23-A7A6-A496838EDC00}"
EndProject
Global
	GlobalSection(SolutionConfigurationPlatforms) = preSolution
		Debug|Any CPU = Debug|Any CPU
		Release|Any CPU = Release|Any CPU
	EndGlobalSection
	GlobalSection(ProjectConfigurationPlatforms) = postSolution
		{40CE920D-91C6-4068-8FBB-70404703BA73}.Debug|Any CPU.ActiveCfg = Debug|Any CPU
		{40CE920D-91C6-4068-8FBB-70404703BA73}.Debug|Any CPU.Build.0 = Debug|Any CPU
		{40CE920D-91C6-4068-8FBB-70404703BA73}.Release|Any CPU.ActiveCfg = Release|Any CPU
		{40CE920D-91C6-4068-8FBB-70404703BA73}.Release|Any CPU.Build.0 = Release|Any CPU
		{C6CC3315-77E5-48F0-BEAE-E4AE8C584983}.Debug|Any CPU.ActiveCfg = Debug|Any CPU
		{C6CC3315-77E5-48F0-BEAE-E4AE8C584983}.Debug|Any CPU.Build.0 = Debug|Any CPU
		{C6CC3315-77E5-48F0-BEAE-E4AE8C584983}.Release|Any CPU.ActiveCfg = Release|Any CPU
		{C6CC3315-77E5-48F0-BEAE-E4AE8C584983}.Release|Any CPU.Build.0 = Release|Any CPU
		{B45EA451-A493-4E23-A7A6-A496838EDC00}.Debug|Any CPU.ActiveCfg = Debug|Any CPU
		{B45EA451-A493-4E23-A7A6-A496838EDC00}.Debug|Any CPU.Build.0 = Debug|Any CPU
		{B45EA451-A493-4E23-A7A6-A496838EDC00}.Release|Any CPU.ActiveCfg = Release|Any CPU
		{B45EA451-A493-4E23-A7A6-A496838EDC00}.Release|Any CPU.Build.0 = Release|Any CPU
	EndGlobalSection
	GlobalSection(SolutionProperties) = preSolution
		HideSolutionNode = FALSE
	EndGlobalSection
EndGlobal
