
Microsoft Visual Studio Solution File, Format Version 12.00
# Visual Studio 2013
VisualStudioVersion = 12.0.31101.0
MinimumVisualStudioVersion = 10.0.40219.1
Project("{FAE04EC0-301F-11D3-BF4B-00C04F79EFBC}") = "SabbathText.Web", "SabbathText.Web\SabbathText.Web.csproj", "{40CE920D-91C6-4068-8FBB-70404703BA73}"
EndProject
Project("{FAE04EC0-301F-11D3-BF4B-00C04F79EFBC}") = "SabbathText.Core", "SabbathText.Core\SabbathText.Core.csproj", "{B45EA451-A493-4E23-A7A6-A496838EDC00}"
EndProject
Project("{FAE04EC0-301F-11D3-BF4B-00C04F79EFBC}") = "SabbathText.InboundMessageWorker", "SabbathText.InboundMessageWorker\SabbathText.InboundMessageWorker.csproj", "{056EEAA8-275C-4F2D-88E0-BF796994D546}"
EndProject
Project("{2150E333-8FDC-42A3-9474-1A3956D46DE8}") = "Workers", "Workers", "{A5CE5378-ACEA-4986-8FB6-B55FF88AD679}"
EndProject
Project("{FAE04EC0-301F-11D3-BF4B-00C04F79EFBC}") = "SabbathText.OutboundMessageWorker", "SabbathText.OutboundMessageWorker\SabbathText.OutboundMessageWorker.csproj", "{FB28C453-1686-43AC-8E86-806D396E63EB}"
EndProject
Project("{FAE04EC0-301F-11D3-BF4B-00C04F79EFBC}") = "SabbathText.EventMessageWorker", "SabbathText.EventMessageWorker\SabbathText.EventMessageWorker.csproj", "{CFBCD0E5-8DBF-4057-AB1D-08FBC9771103}"
EndProject
Project("{FAE04EC0-301F-11D3-BF4B-00C04F79EFBC}") = "SabbathText.Core.Tests", "SabbathText.Core.Tests\SabbathText.Core.Tests.csproj", "{AFD586CF-C2EA-41DD-80DA-06E66B091EBD}"
EndProject
Project("{2150E333-8FDC-42A3-9474-1A3956D46DE8}") = "Common", "Common", "{063D6847-37C0-4F25-995C-4C720BAE6321}"
EndProject
Project("{FAE04EC0-301F-11D3-BF4B-00C04F79EFBC}") = "QueueStorage", "Common\QueueStorage\QueueStorage.csproj", "{C6CC3315-77E5-48F0-BEAE-E4AE8C584983}"
EndProject
Project("{FAE04EC0-301F-11D3-BF4B-00C04F79EFBC}") = "KeyValueStorage", "common\KeyValueStorage\KeyValueStorage.csproj", "{BAEAC47D-EA85-4A29-9651-A48AE1CC31E6}"
EndProject
Project("{2150E333-8FDC-42A3-9474-1A3956D46DE8}") = "Test", "Test", "{AC4385D0-5F38-4939-8975-84700286B796}"
EndProject
Project("{FAE04EC0-301F-11D3-BF4B-00C04F79EFBC}") = "KeyValueStorage.Tests", "Test\KeyValueStorage.Tests\KeyValueStorage.Tests.csproj", "{F69B5600-70AF-4795-8265-BFBC1502E56B}"
EndProject
Project("{FAE04EC0-301F-11D3-BF4B-00C04F79EFBC}") = "SabbathText", "SabbathText\SabbathText.csproj", "{AB2BF8A3-020E-4CF6-B47A-E2A2C91DE503}"
EndProject
Project("{FAE04EC0-301F-11D3-BF4B-00C04F79EFBC}") = "SabbathText.Tests", "Test\SabbathText.Tests\SabbathText.Tests.csproj", "{72433979-778D-4C95-8BDF-D2B4E6F8A9FE}"
EndProject
Project("{FAE04EC0-301F-11D3-BF4B-00C04F79EFBC}") = "QueueStorage.Tests", "Test\QueueStorage.Tests\QueueStorage.Tests.csproj", "{D3BC598A-6EF0-4EFE-8B35-73A01AD0E83F}"
EndProject
Project("{FAE04EC0-301F-11D3-BF4B-00C04F79EFBC}") = "SabbathText.Compensation", "SabbathText.Compensation\SabbathText.Compensation.csproj", "{89227B2C-EBC6-4235-A5A8-E28EE4E034E9}"
EndProject
Global
	GlobalSection(SolutionConfigurationPlatforms) = preSolution
		Debug|Any CPU = Debug|Any CPU
		Release|Any CPU = Release|Any CPU
	EndGlobalSection
	GlobalSection(ProjectConfigurationPlatforms) = postSolution
		{40CE920D-91C6-4068-8FBB-70404703BA73}.Debug|Any CPU.ActiveCfg = Debug|Any CPU
		{40CE920D-91C6-4068-8FBB-70404703BA73}.Debug|Any CPU.Build.0 = Debug|Any CPU
		{40CE920D-91C6-4068-8FBB-70404703BA73}.Release|Any CPU.ActiveCfg = Release|Any CPU
		{40CE920D-91C6-4068-8FBB-70404703BA73}.Release|Any CPU.Build.0 = Release|Any CPU
		{B45EA451-A493-4E23-A7A6-A496838EDC00}.Debug|Any CPU.ActiveCfg = Debug|Any CPU
		{B45EA451-A493-4E23-A7A6-A496838EDC00}.Debug|Any CPU.Build.0 = Debug|Any CPU
		{B45EA451-A493-4E23-A7A6-A496838EDC00}.Release|Any CPU.ActiveCfg = Release|Any CPU
		{B45EA451-A493-4E23-A7A6-A496838EDC00}.Release|Any CPU.Build.0 = Release|Any CPU
		{056EEAA8-275C-4F2D-88E0-BF796994D546}.Debug|Any CPU.ActiveCfg = Debug|Any CPU
		{056EEAA8-275C-4F2D-88E0-BF796994D546}.Debug|Any CPU.Build.0 = Debug|Any CPU
		{056EEAA8-275C-4F2D-88E0-BF796994D546}.Release|Any CPU.ActiveCfg = Release|Any CPU
		{056EEAA8-275C-4F2D-88E0-BF796994D546}.Release|Any CPU.Build.0 = Release|Any CPU
		{FB28C453-1686-43AC-8E86-806D396E63EB}.Debug|Any CPU.ActiveCfg = Debug|Any CPU
		{FB28C453-1686-43AC-8E86-806D396E63EB}.Debug|Any CPU.Build.0 = Debug|Any CPU
		{FB28C453-1686-43AC-8E86-806D396E63EB}.Release|Any CPU.ActiveCfg = Release|Any CPU
		{FB28C453-1686-43AC-8E86-806D396E63EB}.Release|Any CPU.Build.0 = Release|Any CPU
		{CFBCD0E5-8DBF-4057-AB1D-08FBC9771103}.Debug|Any CPU.ActiveCfg = Debug|Any CPU
		{CFBCD0E5-8DBF-4057-AB1D-08FBC9771103}.Debug|Any CPU.Build.0 = Debug|Any CPU
		{CFBCD0E5-8DBF-4057-AB1D-08FBC9771103}.Release|Any CPU.ActiveCfg = Release|Any CPU
		{CFBCD0E5-8DBF-4057-AB1D-08FBC9771103}.Release|Any CPU.Build.0 = Release|Any CPU
		{AFD586CF-C2EA-41DD-80DA-06E66B091EBD}.Debug|Any CPU.ActiveCfg = Debug|Any CPU
		{AFD586CF-C2EA-41DD-80DA-06E66B091EBD}.Debug|Any CPU.Build.0 = Debug|Any CPU
		{AFD586CF-C2EA-41DD-80DA-06E66B091EBD}.Release|Any CPU.ActiveCfg = Release|Any CPU
		{AFD586CF-C2EA-41DD-80DA-06E66B091EBD}.Release|Any CPU.Build.0 = Release|Any CPU
		{C6CC3315-77E5-48F0-BEAE-E4AE8C584983}.Debug|Any CPU.ActiveCfg = Debug|Any CPU
		{C6CC3315-77E5-48F0-BEAE-E4AE8C584983}.Debug|Any CPU.Build.0 = Debug|Any CPU
		{C6CC3315-77E5-48F0-BEAE-E4AE8C584983}.Release|Any CPU.ActiveCfg = Release|Any CPU
		{C6CC3315-77E5-48F0-BEAE-E4AE8C584983}.Release|Any CPU.Build.0 = Release|Any CPU
		{BAEAC47D-EA85-4A29-9651-A48AE1CC31E6}.Debug|Any CPU.ActiveCfg = Debug|Any CPU
		{BAEAC47D-EA85-4A29-9651-A48AE1CC31E6}.Debug|Any CPU.Build.0 = Debug|Any CPU
		{BAEAC47D-EA85-4A29-9651-A48AE1CC31E6}.Release|Any CPU.ActiveCfg = Release|Any CPU
		{BAEAC47D-EA85-4A29-9651-A48AE1CC31E6}.Release|Any CPU.Build.0 = Release|Any CPU
		{F69B5600-70AF-4795-8265-BFBC1502E56B}.Debug|Any CPU.ActiveCfg = Debug|Any CPU
		{F69B5600-70AF-4795-8265-BFBC1502E56B}.Debug|Any CPU.Build.0 = Debug|Any CPU
		{F69B5600-70AF-4795-8265-BFBC1502E56B}.Release|Any CPU.ActiveCfg = Release|Any CPU
		{F69B5600-70AF-4795-8265-BFBC1502E56B}.Release|Any CPU.Build.0 = Release|Any CPU
		{AB2BF8A3-020E-4CF6-B47A-E2A2C91DE503}.Debug|Any CPU.ActiveCfg = Debug|Any CPU
		{AB2BF8A3-020E-4CF6-B47A-E2A2C91DE503}.Debug|Any CPU.Build.0 = Debug|Any CPU
		{AB2BF8A3-020E-4CF6-B47A-E2A2C91DE503}.Release|Any CPU.ActiveCfg = Release|Any CPU
		{AB2BF8A3-020E-4CF6-B47A-E2A2C91DE503}.Release|Any CPU.Build.0 = Release|Any CPU
		{72433979-778D-4C95-8BDF-D2B4E6F8A9FE}.Debug|Any CPU.ActiveCfg = Debug|Any CPU
		{72433979-778D-4C95-8BDF-D2B4E6F8A9FE}.Debug|Any CPU.Build.0 = Debug|Any CPU
		{72433979-778D-4C95-8BDF-D2B4E6F8A9FE}.Release|Any CPU.ActiveCfg = Release|Any CPU
		{72433979-778D-4C95-8BDF-D2B4E6F8A9FE}.Release|Any CPU.Build.0 = Release|Any CPU
		{D3BC598A-6EF0-4EFE-8B35-73A01AD0E83F}.Debug|Any CPU.ActiveCfg = Debug|Any CPU
		{D3BC598A-6EF0-4EFE-8B35-73A01AD0E83F}.Debug|Any CPU.Build.0 = Debug|Any CPU
		{D3BC598A-6EF0-4EFE-8B35-73A01AD0E83F}.Release|Any CPU.ActiveCfg = Release|Any CPU
		{D3BC598A-6EF0-4EFE-8B35-73A01AD0E83F}.Release|Any CPU.Build.0 = Release|Any CPU
		{89227B2C-EBC6-4235-A5A8-E28EE4E034E9}.Debug|Any CPU.ActiveCfg = Debug|Any CPU
		{89227B2C-EBC6-4235-A5A8-E28EE4E034E9}.Debug|Any CPU.Build.0 = Debug|Any CPU
		{89227B2C-EBC6-4235-A5A8-E28EE4E034E9}.Release|Any CPU.ActiveCfg = Release|Any CPU
		{89227B2C-EBC6-4235-A5A8-E28EE4E034E9}.Release|Any CPU.Build.0 = Release|Any CPU
	EndGlobalSection
	GlobalSection(SolutionProperties) = preSolution
		HideSolutionNode = FALSE
	EndGlobalSection
	GlobalSection(NestedProjects) = preSolution
		{056EEAA8-275C-4F2D-88E0-BF796994D546} = {A5CE5378-ACEA-4986-8FB6-B55FF88AD679}
		{FB28C453-1686-43AC-8E86-806D396E63EB} = {A5CE5378-ACEA-4986-8FB6-B55FF88AD679}
		{CFBCD0E5-8DBF-4057-AB1D-08FBC9771103} = {A5CE5378-ACEA-4986-8FB6-B55FF88AD679}
		{C6CC3315-77E5-48F0-BEAE-E4AE8C584983} = {063D6847-37C0-4F25-995C-4C720BAE6321}
		{BAEAC47D-EA85-4A29-9651-A48AE1CC31E6} = {063D6847-37C0-4F25-995C-4C720BAE6321}
		{F69B5600-70AF-4795-8265-BFBC1502E56B} = {AC4385D0-5F38-4939-8975-84700286B796}
		{72433979-778D-4C95-8BDF-D2B4E6F8A9FE} = {AC4385D0-5F38-4939-8975-84700286B796}
		{D3BC598A-6EF0-4EFE-8B35-73A01AD0E83F} = {AC4385D0-5F38-4939-8975-84700286B796}
	EndGlobalSection
EndGlobal
